
Microsoft Visual Studio Solution File, Format Version 12.00
# Visual Studio Version 17
VisualStudioVersion = 17.6.33723.286
MinimumVisualStudioVersion = 10.0.40219.1
Project("{9A19103F-16F7-4668-BE54-9A1E7A4F7556}") = "RhinoObjExport", "RhinoObjExport\RhinoObjExport.csproj", "{C2717DD4-564D-43AD-BCCE-C21B6EE0D2DB}"
EndProject
Global
	GlobalSection(SolutionConfigurationPlatforms) = preSolution
		Debug|Any CPU = Debug|Any CPU
		Release|Any CPU = Release|Any CPU
	EndGlobalSection
	GlobalSection(ProjectConfigurationPlatforms) = postSolution
		{C2717DD4-564D-43AD-BCCE-C21B6EE0D2DB}.Debug|Any CPU.ActiveCfg = Debug|Any CPU
		{C2717DD4-564D-43AD-BCCE-C21B6EE0D2DB}.Debug|Any CPU.Build.0 = Debug|Any CPU
		{C2717DD4-564D-43AD-BCCE-C21B6EE0D2DB}.Release|Any CPU.ActiveCfg = Release|Any CPU
		{C2717DD4-564D-43AD-BCCE-C21B6EE0D2DB}.Release|Any CPU.Build.0 = Release|Any CPU
	EndGlobalSection
	GlobalSection(SolutionProperties) = preSolution
		HideSolutionNode = FALSE
	EndGlobalSection
	GlobalSection(ExtensibilityGlobals) = postSolution
		SolutionGuid = {5DEC0EFE-576E-4277-8FD1-8153202B8562}
	EndGlobalSection
EndGlobal
